PODS:
  - RxBlocking (3.4.0):
    - RxSwift (~> 3.4)
  - RxCocoa (3.4.0):
    - RxSwift (~> 3.4)
  - RxSwift (3.4.0)
  - RxTest (3.4.0):
    - RxSwift (~> 3.4)
  - SwiftBaseViews/Main (1.0.6):
    - SwiftUIUtilities/Main
  - SwiftPlaceholderTextView/Main (1.2.3):
    - SwiftBaseViews/Main
  - SwiftReactiveTextField/Main (1.0.5):
    - SwiftBaseViews/Main
  - SwiftUIUtilities/Main (1.4.8):
    - SwiftUtilities/Main
  - SwiftUtilities/Main (1.4.0):
    - RxCocoa (~> 3.0)
    - RxSwift (~> 3.0)
  - SwiftUtilitiesTests/Main (1.4.0):
    - RxBlocking (~> 3.0)
    - RxCocoa (~> 3.0)
    - RxSwift (~> 3.0)
    - RxTest (~> 3.0)

DEPENDENCIES:
  - SwiftPlaceholderTextView/Main
  - SwiftReactiveTextField/Main
  - SwiftUtilitiesTests/Main

SPEC CHECKSUMS:
  RxBlocking: 1797b8c1a3ad7b08965145e6e2294c2e101515aa
  RxCocoa: d14ef6b6029e1ddc6e966508c09289090de68ff9
  RxSwift: 3789a1af753002a14edecdb698a2424624296a9c
  RxTest: beb6beb882cf1dcac5fc9fdbd4760a5254e7f3a6
  SwiftBaseViews: 21fced8b2470a447209a72f476e58770b07edd74
  SwiftPlaceholderTextView: 8e8b47aa3ef65f822789664c57bf838182b41be8
  SwiftReactiveTextField: 6d41d4c57f9de6661e885267fd15436f7dd159a3
  SwiftUIUtilities: 31abb5eb4f9ce34e02b82030936464f846554f59
  SwiftUtilities: a006686fcd793e828c3130295f3f0f30409cd8d6
  SwiftUtilitiesTests: 1d56cc2d948f8a1f7329e8d5f2d318e8e86014c9

PODFILE CHECKSUM: 1910c7addc0165b68f5f45e1a9322ee7edf7b183

COCOAPODS: 1.2.1
