PODS:
  - RxBlocking (3.4.1):
    - RxSwift (~> 3.4)
  - RxCocoa (3.4.1):
    - RxSwift (~> 3.4)
  - RxSwift (3.4.1)
  - RxTest (3.4.1):
    - RxSwift (~> 3.4)
  - SwiftBaseViews/Main (1.1.7):
    - SwiftUIUtilities/Main
  - SwiftPlaceholderTextView/Main (1.2.3):
    - SwiftBaseViews/Main
  - SwiftReactiveTextField/Main (1.0.5):
    - SwiftBaseViews/Main
  - SwiftUIUtilities/Main (1.5.8):
    - SwiftUtilities/Main
  - SwiftUtilities/Main (1.4.0):
    - RxCocoa (~> 3.0)
    - RxSwift (~> 3.0)
  - SwiftUtilitiesTests/Main (1.4.0):
    - RxBlocking (~> 3.0)
    - RxCocoa (~> 3.0)
    - RxSwift (~> 3.0)
    - RxTest (~> 3.0)

DEPENDENCIES:
  - SwiftPlaceholderTextView/Main
  - SwiftReactiveTextField/Main
  - SwiftUtilitiesTests/Main

SPEC CHECKSUMS:
  RxBlocking: 1e8c41cfe7ca2fc0e19d0e616c553845c63cbbd3
  RxCocoa: a8a5f1d061d0043e28f56976829f31ce63e8eb09
  RxSwift: 656f8fbeca5bc372121a72d9ebdd3cd3bc0ffade
  RxTest: a6fd6e4069face7c6488f96f6c42296b3e44db48
  SwiftBaseViews: e069c90a96d9634977185f51da030da02ba900b5
  SwiftPlaceholderTextView: 8e8b47aa3ef65f822789664c57bf838182b41be8
  SwiftReactiveTextField: 6d41d4c57f9de6661e885267fd15436f7dd159a3
  SwiftUIUtilities: ef3d39305282b609185102a812df5ab410424334
  SwiftUtilities: a006686fcd793e828c3130295f3f0f30409cd8d6
  SwiftUtilitiesTests: 1d56cc2d948f8a1f7329e8d5f2d318e8e86014c9

PODFILE CHECKSUM: 1910c7addc0165b68f5f45e1a9322ee7edf7b183

COCOAPODS: 1.2.1
